
Microsoft Visual Studio Solution File, Format Version 12.00
# Visual Studio 15
VisualStudioVersion = 15.0.26124.0
MinimumVisualStudioVersion = 15.0.26124.0
Project("{2150E333-8FDC-42A3-9474-1A3956D46DE8}") = "Project1", "Project1", "{B21D0735-4BB5-47A6-ACA2-F6641AB640A7}"
EndProject
Project("{2150E333-8FDC-42A3-9474-1A3956D46DE8}") = "src", "src", "{4DBCC0DC-77AC-4A30-BC3C-C7854D1B30A5}"
EndProject
Project("{FAE04EC0-301F-11D3-BF4B-00C04F79EFBC}") = "Project1", "Project1\src\Project1\Project1.csproj", "{7C93F4D7-9387-49D6-8A95-6FB63A7E07A9}"
EndProject
Project("{2150E333-8FDC-42A3-9474-1A3956D46DE8}") = "test", "test", "{5567F373-76D4-4D7C-80CD-156E4EAA0407}"
EndProject
Project("{FAE04EC0-301F-11D3-BF4B-00C04F79EFBC}") = "Project1.Tests", "Project1\test\Project1.Tests\Project1.Tests.csproj", "{334685BA-0008-413D-BCC4-DC8D386F4925}"
EndProject
Project("{2150E333-8FDC-42A3-9474-1A3956D46DE8}") = "Project2", "Project2", "{2A9FE623-4C80-4C83-AF22-958F76466126}"
EndProject
Project("{2150E333-8FDC-42A3-9474-1A3956D46DE8}") = "src", "src", "{E0811B88-DB86-453F-AC58-FE23AED8A4E2}"
EndProject
Project("{FAE04EC0-301F-11D3-BF4B-00C04F79EFBC}") = "Project2", "Project2\src\Project2\Project2.csproj", "{D5A1E9BB-026F-47C0-B8A8-45A227D8270D}"
EndProject
Global
	GlobalSection(SolutionConfigurationPlatforms) = preSolution
		Debug|Any CPU = Debug|Any CPU
		Debug|x64 = Debug|x64
		Debug|x86 = Debug|x86
		Release|Any CPU = Release|Any CPU
		Release|x64 = Release|x64
		Release|x86 = Release|x86
	EndGlobalSection
	GlobalSection(SolutionProperties) = preSolution
		HideSolutionNode = FALSE
	EndGlobalSection
	GlobalSection(ProjectConfigurationPlatforms) = postSolution
		{7C93F4D7-9387-49D6-8A95-6FB63A7E07A9}.Debug|Any CPU.ActiveCfg = Debug|Any CPU
		{7C93F4D7-9387-49D6-8A95-6FB63A7E07A9}.Debug|Any CPU.Build.0 = Debug|Any CPU
		{7C93F4D7-9387-49D6-8A95-6FB63A7E07A9}.Debug|x64.ActiveCfg = Debug|Any CPU
		{7C93F4D7-9387-49D6-8A95-6FB63A7E07A9}.Debug|x64.Build.0 = Debug|Any CPU
		{7C93F4D7-9387-49D6-8A95-6FB63A7E07A9}.Debug|x86.ActiveCfg = Debug|Any CPU
		{7C93F4D7-9387-49D6-8A95-6FB63A7E07A9}.Debug|x86.Build.0 = Debug|Any CPU
		{7C93F4D7-9387-49D6-8A95-6FB63A7E07A9}.Release|Any CPU.ActiveCfg = Release|Any CPU
		{7C93F4D7-9387-49D6-8A95-6FB63A7E07A9}.Release|Any CPU.Build.0 = Release|Any CPU
		{7C93F4D7-9387-49D6-8A95-6FB63A7E07A9}.Release|x64.ActiveCfg = Release|Any CPU
		{7C93F4D7-9387-49D6-8A95-6FB63A7E07A9}.Release|x64.Build.0 = Release|Any CPU
		{7C93F4D7-9387-49D6-8A95-6FB63A7E07A9}.Release|x86.ActiveCfg = Release|Any CPU
		{7C93F4D7-9387-49D6-8A95-6FB63A7E07A9}.Release|x86.Build.0 = Release|Any CPU
		{334685BA-0008-413D-BCC4-DC8D386F4925}.Debug|Any CPU.ActiveCfg = Debug|Any CPU
		{334685BA-0008-413D-BCC4-DC8D386F4925}.Debug|Any CPU.Build.0 = Debug|Any CPU
		{334685BA-0008-413D-BCC4-DC8D386F4925}.Debug|x64.ActiveCfg = Debug|Any CPU
		{334685BA-0008-413D-BCC4-DC8D386F4925}.Debug|x64.Build.0 = Debug|Any CPU
		{334685BA-0008-413D-BCC4-DC8D386F4925}.Debug|x86.ActiveCfg = Debug|Any CPU
		{334685BA-0008-413D-BCC4-DC8D386F4925}.Debug|x86.Build.0 = Debug|Any CPU
		{334685BA-0008-413D-BCC4-DC8D386F4925}.Release|Any CPU.ActiveCfg = Release|Any CPU
		{334685BA-0008-413D-BCC4-DC8D386F4925}.Release|Any CPU.Build.0 = Release|Any CPU
		{334685BA-0008-413D-BCC4-DC8D386F4925}.Release|x64.ActiveCfg = Release|Any CPU
		{334685BA-0008-413D-BCC4-DC8D386F4925}.Release|x64.Build.0 = Release|Any CPU
		{334685BA-0008-413D-BCC4-DC8D386F4925}.Release|x86.ActiveCfg = Release|Any CPU
		{334685BA-0008-413D-BCC4-DC8D386F4925}.Release|x86.Build.0 = Release|Any CPU
		{D5A1E9BB-026F-47C0-B8A8-45A227D8270D}.Debug|Any CPU.ActiveCfg = Debug|Any CPU
		{D5A1E9BB-026F-47C0-B8A8-45A227D8270D}.Debug|Any CPU.Build.0 = Debug|Any CPU
		{D5A1E9BB-026F-47C0-B8A8-45A227D8270D}.Debug|x64.ActiveCfg = Debug|Any CPU
		{D5A1E9BB-026F-47C0-B8A8-45A227D8270D}.Debug|x64.Build.0 = Debug|Any CPU
		{D5A1E9BB-026F-47C0-B8A8-45A227D8270D}.Debug|x86.ActiveCfg = Debug|Any CPU
		{D5A1E9BB-026F-47C0-B8A8-45A227D8270D}.Debug|x86.Build.0 = Debug|Any CPU
		{D5A1E9BB-026F-47C0-B8A8-45A227D8270D}.Release|Any CPU.ActiveCfg = Release|Any CPU
		{D5A1E9BB-026F-47C0-B8A8-45A227D8270D}.Release|Any CPU.Build.0 = Release|Any CPU
		{D5A1E9BB-026F-47C0-B8A8-45A227D8270D}.Release|x64.ActiveCfg = Release|Any CPU
		{D5A1E9BB-026F-47C0-B8A8-45A227D8270D}.Release|x64.Build.0 = Release|Any CPU
		{D5A1E9BB-026F-47C0-B8A8-45A227D8270D}.Release|x86.ActiveCfg = Release|Any CPU
		{D5A1E9BB-026F-47C0-B8A8-45A227D8270D}.Release|x86.Build.0 = Release|Any CPU
	EndGlobalSection
	GlobalSection(NestedProjects) = preSolution
		{4DBCC0DC-77AC-4A30-BC3C-C7854D1B30A5} = {B21D0735-4BB5-47A6-ACA2-F6641AB640A7}
		{7C93F4D7-9387-49D6-8A95-6FB63A7E07A9} = {4DBCC0DC-77AC-4A30-BC3C-C7854D1B30A5}
		{5567F373-76D4-4D7C-80CD-156E4EAA0407} = {B21D0735-4BB5-47A6-ACA2-F6641AB640A7}
		{334685BA-0008-413D-BCC4-DC8D386F4925} = {5567F373-76D4-4D7C-80CD-156E4EAA0407}
		{E0811B88-DB86-453F-AC58-FE23AED8A4E2} = {2A9FE623-4C80-4C83-AF22-958F76466126}
		{D5A1E9BB-026F-47C0-B8A8-45A227D8270D} = {E0811B88-DB86-453F-AC58-FE23AED8A4E2}
	EndGlobalSection
EndGlobal
